
Microsoft Visual Studio Solution File, Format Version 12.00
# Visual Studio Version 17
VisualStudioVersion = 17.0.32014.148
MinimumVisualStudioVersion = 10.0.40219.1
Project("{9A19103F-16F7-4668-BE54-9A1E7A4F7556}") = "HelloWorldConsoleApp", "HelloWorldConsoleApp.csproj", "{353AE810-B975-4306-9609-00AF729F690D}"
EndProject
Global
	GlobalSection(SolutionConfigurationPlatforms) = preSolution
		Debug|Any CPU = Debug|Any CPU
		Release|Any CPU = Release|Any CPU
	EndGlobalSection
	GlobalSection(ProjectConfigurationPlatforms) = postSolution
		{353AE810-B975-4306-9609-00AF729F690D}.Debug|Any CPU.ActiveCfg = Debug|Any CPU
		{353AE810-B975-4306-9609-00AF729F690D}.Debug|Any CPU.Build.0 = Debug|Any CPU
		{353AE810-B975-4306-9609-00AF729F690D}.Release|Any CPU.ActiveCfg = Release|Any CPU
		{353AE810-B975-4306-9609-00AF729F690D}.Release|Any CPU.Build.0 = Release|Any CPU
	EndGlobalSection
	GlobalSection(SolutionProperties) = preSolution
		HideSolutionNode = FALSE
	EndGlobalSection
	GlobalSection(ExtensibilityGlobals) = postSolution
		SolutionGuid = {BF8E3976-96DF-4D1A-A24B-59157D5119EF}
	EndGlobalSection
EndGlobal
