
Microsoft Visual Studio Solution File, Format Version 12.00
# Visual Studio Version 17
VisualStudioVersion = 17.0.32014.148
MinimumVisualStudioVersion = 10.0.40219.1
Project("{9A19103F-16F7-4668-BE54-9A1E7A4F7556}") = "GreetingConsoleApp", "GreetingConsoleApp.csproj", "{96EB86A2-A0DA-44CF-BE2E-ECEEACC2680C}"
EndProject
Global
	GlobalSection(SolutionConfigurationPlatforms) = preSolution
		Debug|Any CPU = Debug|Any CPU
		Release|Any CPU = Release|Any CPU
	EndGlobalSection
	GlobalSection(ProjectConfigurationPlatforms) = postSolution
		{96EB86A2-A0DA-44CF-BE2E-ECEEACC2680C}.Debug|Any CPU.ActiveCfg = Debug|Any CPU
		{96EB86A2-A0DA-44CF-BE2E-ECEEACC2680C}.Debug|Any CPU.Build.0 = Debug|Any CPU
		{96EB86A2-A0DA-44CF-BE2E-ECEEACC2680C}.Release|Any CPU.ActiveCfg = Release|Any CPU
		{96EB86A2-A0DA-44CF-BE2E-ECEEACC2680C}.Release|Any CPU.Build.0 = Release|Any CPU
	EndGlobalSection
	GlobalSection(SolutionProperties) = preSolution
		HideSolutionNode = FALSE
	EndGlobalSection
	GlobalSection(ExtensibilityGlobals) = postSolution
		SolutionGuid = {70A434B2-F946-4274-88E1-2E1E43972764}
	EndGlobalSection
EndGlobal
